
Microsoft Visual Studio Solution File, Format Version 12.00
# Visual Studio Version 17
VisualStudioVersion = 17.9.34511.98
MinimumVisualStudioVersion = 10.0.40219.1
Project("{9A19103F-16F7-4668-BE54-9A1E7A4F7556}") = "Microsoft.AspNetCore.OData", "Microsoft.AspNetCore.OData.csproj", "{07F5D05B-E56C-40D2-9472-741530C4379B}"
EndProject
Global
	GlobalSection(SolutionConfigurationPlatforms) = preSolution
		Debug|Any CPU = Debug|Any CPU
		Release|Any CPU = Release|Any CPU
	EndGlobalSection
	GlobalSection(ProjectConfigurationPlatforms) = postSolution
		{07F5D05B-E56C-40D2-9472-741530C4379B}.Debug|Any CPU.ActiveCfg = Debug|Any CPU
		{07F5D05B-E56C-40D2-9472-741530C4379B}.Debug|Any CPU.Build.0 = Debug|Any CPU
		{07F5D05B-E56C-40D2-9472-741530C4379B}.Release|Any CPU.ActiveCfg = Release|Any CPU
		{07F5D05B-E56C-40D2-9472-741530C4379B}.Release|Any CPU.Build.0 = Release|Any CPU
	EndGlobalSection
	GlobalSection(SolutionProperties) = preSolution
		HideSolutionNode = FALSE
	EndGlobalSection
	GlobalSection(ExtensibilityGlobals) = postSolution
		SolutionGuid = {791C8C25-1652-4AA3-9958-ECFF2446661D}
	EndGlobalSection
EndGlobal
